
Microsoft Visual Studio Solution File, Format Version 12.00
# Visual Studio Version 17
VisualStudioVersion = 17.3.32825.248
MinimumVisualStudioVersion = 10.0.40219.1
Project("{9A19103F-16F7-4668-BE54-9A1E7A4F7556}") = "ETSUBucHunt.WebAPI", "ETSUBucHunt.WebAPI\ETSUBucHunt.WebAPI.csproj", "{160BA752-74F9-4156-8366-B0AE3F044CA6}"
EndProject
Project("{9A19103F-16F7-4668-BE54-9A1E7A4F7556}") = "ETSUBucHunt.WebApp", "ETSUBucHunt.WebApp\ETSUBucHunt.WebApp.csproj", "{A81116DC-2C0D-402B-A6A1-341FCFAA3A00}"
	ProjectSection(ProjectDependencies) = postProject
		{160BA752-74F9-4156-8366-B0AE3F044CA6} = {160BA752-74F9-4156-8366-B0AE3F044CA6}
	EndProjectSection
EndProject
Project("{E24C65DC-7377-472B-9ABA-BC803B73C61A}") = "ETSUBucHunt.Documentation", "ETSUBucHunt.Documentation\", "{4CDA5761-C56B-40DB-8B6C-60138297A323}"
	ProjectSection(WebsiteProperties) = preProject
		TargetFrameworkMoniker = ".NETFramework,Version%3Dv4.8"
		Debug.AspNetCompiler.VirtualPath = "/localhost_50883"
		Debug.AspNetCompiler.PhysicalPath = "ETSUBucHunt.Documentation\"
		Debug.AspNetCompiler.TargetPath = "PrecompiledWeb\localhost_50883\"
		Debug.AspNetCompiler.Updateable = "true"
		Debug.AspNetCompiler.ForceOverwrite = "true"
		Debug.AspNetCompiler.FixedNames = "false"
		Debug.AspNetCompiler.Debug = "True"
		Release.AspNetCompiler.VirtualPath = "/localhost_50883"
		Release.AspNetCompiler.PhysicalPath = "ETSUBucHunt.Documentation\"
		Release.AspNetCompiler.TargetPath = "PrecompiledWeb\localhost_50883\"
		Release.AspNetCompiler.Updateable = "true"
		Release.AspNetCompiler.ForceOverwrite = "true"
		Release.AspNetCompiler.FixedNames = "false"
		Release.AspNetCompiler.Debug = "False"
		VWDPort = "50883"
		SlnRelativePath = "ETSUBucHunt.Documentation\"
	EndProjectSection
EndProject
Global
	GlobalSection(SolutionConfigurationPlatforms) = preSolution
		Debug|Any CPU = Debug|Any CPU
		Release|Any CPU = Release|Any CPU
	EndGlobalSection
	GlobalSection(ProjectConfigurationPlatforms) = postSolution
		{160BA752-74F9-4156-8366-B0AE3F044CA6}.Debug|Any CPU.ActiveCfg = Debug|Any CPU
		{160BA752-74F9-4156-8366-B0AE3F044CA6}.Debug|Any CPU.Build.0 = Debug|Any CPU
		{160BA752-74F9-4156-8366-B0AE3F044CA6}.Release|Any CPU.ActiveCfg = Release|Any CPU
		{160BA752-74F9-4156-8366-B0AE3F044CA6}.Release|Any CPU.Build.0 = Release|Any CPU
		{A81116DC-2C0D-402B-A6A1-341FCFAA3A00}.Debug|Any CPU.ActiveCfg = Debug|Any CPU
		{A81116DC-2C0D-402B-A6A1-341FCFAA3A00}.Debug|Any CPU.Build.0 = Debug|Any CPU
		{A81116DC-2C0D-402B-A6A1-341FCFAA3A00}.Release|Any CPU.ActiveCfg = Release|Any CPU
		{A81116DC-2C0D-402B-A6A1-341FCFAA3A00}.Release|Any CPU.Build.0 = Release|Any CPU
		{4CDA5761-C56B-40DB-8B6C-60138297A323}.Debug|Any CPU.ActiveCfg = Debug|Any CPU
		{4CDA5761-C56B-40DB-8B6C-60138297A323}.Release|Any CPU.ActiveCfg = Debug|Any CPU
	EndGlobalSection
	GlobalSection(SolutionProperties) = preSolution
		HideSolutionNode = FALSE
	EndGlobalSection
	GlobalSection(ExtensibilityGlobals) = postSolution
		SolutionGuid = {5D452DC5-DA61-42D2-AA17-57122F9897D8}
	EndGlobalSection
EndGlobal
